lockfileVersion: '9.0'

settings:
  autoInstallPeers: true
  excludeLinksFromLockfile: false

importers:

  .:
    devDependencies:
      '@playwright/test':
        specifier: ^1.63.0
        version: 1.63.0
      typescript:
        specifier: ^5.9.3
        version: 5.9.3

  apps/native:
    devDependencies:
      '@tauri-apps/cli':
        specifier: 2.11.5
        version: 2.11.5

  apps/web: {}

  packages/editor-cm6:
    dependencies:
      '@codemirror/autocomplete':
        specifier: ^6.9.0
        version: 6.20.3
      '@codemirror/commands':
        specifier: ^6.2.0
        version: 6.11.1
      '@codemirror/language':
        specifier: ^6.8.0
        version: 6.13.1
      '@codemirror/language-data':
        specifier: ^6.3.0
        version: 6.5.2
      '@codemirror/search':
        specifier: ^6.5.0
        version: 6.7.2
      '@codemirror/state':
        specifier: ^6.2.0
        version: 6.7.6
      '@codemirror/view':
        specifier: ^6.9.0
        version: 6.43.14
      '@lezer/highlight':
        specifier: ^1.1.0
        version: 1.2.5
    devDependencies:
      esbuild:
        specifier: ^0.21.0
        version: 0.21.5

packages:

  '@codemirror/autocomplete@6.20.3':
    resolution: {integrity: sha512-tlosUqb+3BbxCxZdu4tKeRghPFC+QM7q4X5YhKV2eCmPG+1r2F3f4AaSz5sCrFqUtX4Jh20VFTKecl16MgiV9g==}

  '@codemirror/commands@6.11.1':
    resolution: {integrity: sha512-O/4hG3SC1YwcmQ0d2UVNDs+AsaNWd1iHVxbTeEBuqH+6bExAiPK3iS/BvpY6rZGURALv4ZD3sIgcCmRvw3ehBg==}

  '@codemirror/lang-angular@0.1.4':
    resolution: {integrity: sha512-oap+gsltb/fzdlTQWD6BFF4bSLKcDnlxDsLdePiJpCVNKWXSTAbiiQeYI3UmES+BLAdkmIC1WjyztC1pi/bX4g==}

  '@codemirror/lang-cpp@6.0.3':
    resolution: {integrity: sha512-URM26M3vunFFn9/sm6rzqrBzDgfWuDixp85uTY49wKudToc2jTHUrKIGGKs+QWND+YLofNNZpxcNGRynFJfvgA==}

  '@codemirror/lang-css@6.3.1':
    resolution: {integrity: sha512-kr5fwBGiGtmz6l0LSJIbno9QrifNMUusivHbnA1H6Dmqy4HZFte3UAICix1VuKo0lMPKQr2rqB+0BkKi/S3Ejg==}

  '@codemirror/lang-go@6.0.1':
    resolution: {integrity: sha512-7fNvbyNylvqCphW9HD6WFnRpcDjr+KXX/FgqXy5H5ZS0eC5edDljukm/yNgYkwTsgp2busdod50AOTIy6Jikfg==}

  '@codemirror/lang-html@6.4.12':
    resolution: {integrity: sha512-pw2ReWKUqSkbvh76RAT4NYxiogRu+PWkR2ukAwO9uOgrm8uipkzjtKKtNpyeAQwHOqxEeSvAXZ6vr3AfyB9y/w==}

  '@codemirror/lang-java@6.0.2':
    resolution: {integrity: sha512-m5Nt1mQ/cznJY7tMfQTJchmrjdjQ71IDs+55d1GAa8DGaB8JXWsVCkVT284C3RTASaY43YknrK2X3hPO/J3MOQ==}

  '@codemirror/lang-javascript@6.2.5':
    resolution: {integrity: sha512-zD4e5mS+50htS7F+TYjBPsiIFGanfVqg4HyUz6WNFikgOPf2BgKlx+TQedI1w6n/IqRBVBbBWmGFdLB/7uxO4A==}

  '@codemirror/lang-jinja@6.0.1':
    resolution: {integrity: sha512-P5kyHLObzjtbGj16h+hyvZTxJhSjBEeSx4wMjbnAf3b0uwTy2+F0zGjMZL4PQOm/mh2eGZ5xUDVZXgwP783Nsw==}

  '@codemirror/lang-json@6.0.2':
    resolution: {integrity: sha512-x2OtO+AvwEHrEwR0FyyPtfDUiloG3rnVTSZV1W8UteaLL8/MajQd8DpvUb2YVzC+/T18aSDv0H9mu+xw0EStoQ==}

  '@codemirror/lang-less@6.0.2':
    resolution: {integrity: sha512-EYdQTG22V+KUUk8Qq582g7FMnCZeEHsyuOJisHRft/mQ+ZSZ2w51NupvDUHiqtsOy7It5cHLPGfHQLpMh9bqpQ==}

  '@codemirror/lang-liquid@6.3.3':
    resolution: {integrity: sha512-U9EnyzWuAx1TX3MZSKDXydKH734n1Aogk/ijKdW+jdIwmbf9zSPQYOIKggC/b2PTRjQb7ddvMktmxnfTLuv/SQ==}

  '@codemirror/lang-markdown@6.5.2':
    resolution: {integrity: sha512-AwBOdkWYuA//WcM0xO5PfHPUcmz/O2i5o0Nsg1U69SII/loCJlFI1Romd9xp2HYb1kYJRGZotyqRghuHH5n8Kw==}

  '@codemirror/lang-php@6.0.2':
    resolution: {integrity: sha512-ZKy2v1n8Fc8oEXj0Th0PUMXzQJ0AIR6TaZU+PbDHExFwdu+guzOA4jmCHS1Nz4vbFezwD7LyBdDnddSJeScMCA==}

  '@codemirror/lang-python@6.2.1':
    resolution: {integrity: sha512-IRjC8RUBhn9mGR9ywecNhB51yePWCGgvHfY1lWN/Mrp3cKuHr0isDKia+9HnvhiWNnMpbGhWrkhuWOc09exRyw==}

  '@codemirror/lang-rust@6.0.2':
    resolution: {integrity: sha512-EZaGjCUegtiU7kSMvOfEZpaCReowEf3yNidYu7+vfuGTm9ow4mthAparY5hisJqOHmJowVH3Upu+eJlUji6qqA==}

  '@codemirror/lang-sass@6.0.2':
    resolution: {integrity: sha512-l/bdzIABvnTo1nzdY6U+kPAC51czYQcOErfzQ9zSm9D8GmNPD0WTW8st/CJwBTPLO8jlrbyvlSEcN20dc4iL0Q==}

  '@codemirror/lang-sql@6.10.0':
    resolution: {integrity: sha512-6ayPkEd/yRw0XKBx5uAiToSgGECo/GY2NoJIHXIIQh1EVwLuKoU8BP/qK0qH5NLXAbtJRLuT73hx7P9X34iO4w==}

  '@codemirror/lang-vue@0.1.3':
    resolution: {integrity: sha512-QSKdtYTDRhEHCfo5zOShzxCmqKJvgGrZwDQSdbvCRJ5pRLWBS7pD/8e/tH44aVQT6FKm0t6RVNoSUWHOI5vNug==}

  '@codemirror/lang-wast@6.0.2':
    resolution: {integrity: sha512-Imi2KTpVGm7TKuUkqyJ5NRmeFWF7aMpNiwHnLQe0x9kmrxElndyH0K6H/gXtWwY6UshMRAhpENsgfpSwsgmC6Q==}

  '@codemirror/lang-xml@6.1.0':
    resolution: {integrity: sha512-3z0blhicHLfwi2UgkZYRPioSgVTo9PV5GP5ducFH6FaHy0IAJRg+ixj5gTR1gnT/glAIC8xv4w2VL1LoZfs+Jg==}

  '@codemirror/lang-yaml@6.1.3':
    resolution: {integrity: sha512-AZ8DJBuXGVHybpBQhmZtgew5//4hv3tdkXnr3vDmOUMJRuB6vn/uuwtmTOTlqEaQFg3hQSVeA90NmvIQyUV6FQ==}

  '@codemirror/language-data@6.5.2':
    resolution: {integrity: sha512-CPkWBKrNS8stYbEU5kwBwTf3JB1kghlbh4FSAwzGW2TEscdeHHH4FGysREW86Mqnj3Qn09s0/6Ea/TutmoTobg==}

  '@codemirror/language@6.13.1':
    resolution: {integrity: sha512-zfvU2r3TyylQLMj/te+5CnQ0rSqZi8B1oTCBbQkagcLW4Xc6imab6qN+pEJhsuNOLaJqiRyBXp9UhWA1DhVvDw==}

  '@codemirror/legacy-modes@6.5.5':
    resolution: {integrity: sha512-9ltT214oMb3Y1w5eAZMSigzrjzZnMI2Wa3Feq73rU/i4C56MkwrpfswfQYOr28C5pXr6dWwspNTMyeHXlzWMxg==}

  '@codemirror/lint@6.9.7':
    resolution: {integrity: sha512-28/+iWLYxKxsvGYhSYL7zaCZqLz5+FFFDq9tVsvGv9kv8RY4fFAchJ5WX9M3YrrRlTIsECjsXPqeNgnSmNP2dg==}

  '@codemirror/search@6.7.2':
    resolution: {integrity: sha512-gUYkYhT2+n/+VGZ+8EzE5WFkYZUZYm1VOKDudIsNqh42uRVQJ0a6Yss9sdKT3MeOYfuL1N6AZA57oza0Oyr0LA==}

  '@codemirror/state@6.7.6':
    resolution: {integrity: sha512-kAz+AncRtKuIknedxT1bq4XwXv4UowhbkHU1myPrtVb/jZtImWuV5BXzv5vK6i3kYACsdiZiQKFQQ5Mq7elW8w==}

  '@codemirror/streamparser@6.0.0':
    resolution: {integrity: sha512-JTFPF6xrfjt0mnfGPgzcLiMwYmvIyNaoizp8BYzv8FE8KrT6GBGDZ190rtt+O7Wke3gG/MFHyiY9YGNeimof4w==}

  '@codemirror/view@6.43.14':
    resolution: {integrity: sha512-hC45YnmJNR1rz42OF57BLoQNFMV12/13drnvibDsR2quNDmldcb4WvYVV81hFQg56i9lcqQMEDqilhX2QDcGQQ==}

  '@esbuild/aix-ppc64@0.21.5':
    resolution: {integrity: sha512-1SDgH6ZSPTlggy1yI6+Dbkiz8xzpHJEVAlF/AM1tHPLsf5STom9rwtjE4hKAF20FfXXNTFqEYXyJNWh1GiZedQ==}
    engines: {node: '>=12'}
    cpu: [ppc64]
    os: [aix]

  '@esbuild/android-arm64@0.21.5':
    resolution: {integrity: sha512-c0uX9VAUBQ7dTDCjq+wdyGLowMdtR/GoC2U5IYk/7D1H1JYC0qseD7+11iMP2mRLN9RcCMRcjC4YMclCzGwS/A==}
    engines: {node: '>=12'}
    cpu: [arm64]
    os: [android]

  '@esbuild/android-arm@0.21.5':
    resolution: {integrity: sha512-vCPvzSjpPHEi1siZdlvAlsPxXl7WbOVUBBAowWug4rJHb68Ox8KualB+1ocNvT5fjv6wpkX6o/iEpbDrf68zcg==}
    engines: {node: '>=12'}
    cpu: [arm]
    os: [android]

  '@esbuild/android-x64@0.21.5':
    resolution: {integrity: sha512-D7aPRUUNHRBwHxzxRvp856rjUHRFW1SdQATKXH2hqA0kAZb1hKmi02OpYRacl0TxIGz/ZmXWlbZgjwWYaCakTA==}
    engines: {node: '>=12'}
    cpu: [x64]
    os: [android]

  '@esbuild/darwin-arm64@0.21.5':
    resolution: {integrity: sha512-DwqXqZyuk5AiWWf3UfLiRDJ5EDd49zg6O9wclZ7kUMv2WRFr4HKjXp/5t8JZ11QbQfUS6/cRCKGwYhtNAY88kQ==}
    engines: {node: '>=12'}
    cpu: [arm64]
    os: [darwin]

  '@esbuild/darwin-x64@0.21.5':
    resolution: {integrity: sha512-se/JjF8NlmKVG4kNIuyWMV/22ZaerB+qaSi5MdrXtd6R08kvs2qCN4C09miupktDitvh8jRFflwGFBQcxZRjbw==}
    engines: {node: '>=12'}
    cpu: [x64]
    os: [darwin]

  '@esbuild/freebsd-arm64@0.21.5':
    resolution: {integrity: sha512-5JcRxxRDUJLX8JXp/wcBCy3pENnCgBR9bN6JsY4OmhfUtIHe3ZW0mawA7+RDAcMLrMIZaf03NlQiX9DGyB8h4g==}
    engines: {node: '>=12'}
    cpu: [arm64]
    os: [freebsd]

  '@esbuild/freebsd-x64@0.21.5':
    resolution: {integrity: sha512-J95kNBj1zkbMXtHVH29bBriQygMXqoVQOQYA+ISs0/2l3T9/kj42ow2mpqerRBxDJnmkUDCaQT/dfNXWX/ZZCQ==}
    engines: {node: '>=12'}
    cpu: [x64]
    os: [freebsd]

  '@esbuild/linux-arm64@0.21.5':
    resolution: {integrity: sha512-ibKvmyYzKsBeX8d8I7MH/TMfWDXBF3db4qM6sy+7re0YXya+K1cem3on9XgdT2EQGMu4hQyZhan7TeQ8XkGp4Q==}
    engines: {node: '>=12'}
    cpu: [arm64]
    os: [linux]

  '@esbuild/linux-arm@0.21.5':
    resolution: {integrity: sha512-bPb5AHZtbeNGjCKVZ9UGqGwo8EUu4cLq68E95A53KlxAPRmUyYv2D6F0uUI65XisGOL1hBP5mTronbgo+0bFcA==}
    engines: {node: '>=12'}
    cpu: [arm]
    os: [linux]

  '@esbuild/linux-ia32@0.21.5':
    resolution: {integrity: sha512-YvjXDqLRqPDl2dvRODYmmhz4rPeVKYvppfGYKSNGdyZkA01046pLWyRKKI3ax8fbJoK5QbxblURkwK/MWY18Tg==}
    engines: {node: '>=12'}
    cpu: [ia32]
    os: [linux]

  '@esbuild/linux-loong64@0.21.5':
    resolution: {integrity: sha512-uHf1BmMG8qEvzdrzAqg2SIG/02+4/DHB6a9Kbya0XDvwDEKCoC8ZRWI5JJvNdUjtciBGFQ5PuBlpEOXQj+JQSg==}
    engines: {node: '>=12'}
    cpu: [loong64]
    os: [linux]

  '@esbuild/linux-mips64el@0.21.5':
    resolution: {integrity: sha512-IajOmO+KJK23bj52dFSNCMsz1QP1DqM6cwLUv3W1QwyxkyIWecfafnI555fvSGqEKwjMXVLokcV5ygHW5b3Jbg==}
    engines: {node: '>=12'}
    cpu: [mips64el]
    os: [linux]

  '@esbuild/linux-ppc64@0.21.5':
    resolution: {integrity: sha512-1hHV/Z4OEfMwpLO8rp7CvlhBDnjsC3CttJXIhBi+5Aj5r+MBvy4egg7wCbe//hSsT+RvDAG7s81tAvpL2XAE4w==}
    engines: {node: '>=12'}
    cpu: [ppc64]
    os: [linux]

  '@esbuild/linux-riscv64@0.21.5':
    resolution: {integrity: sha512-2HdXDMd9GMgTGrPWnJzP2ALSokE/0O5HhTUvWIbD3YdjME8JwvSCnNGBnTThKGEB91OZhzrJ4qIIxk/SBmyDDA==}
    engines: {node: '>=12'}
    cpu: [riscv64]
    os: [linux]

  '@esbuild/linux-s390x@0.21.5':
    resolution: {integrity: sha512-zus5sxzqBJD3eXxwvjN1yQkRepANgxE9lgOW2qLnmr8ikMTphkjgXu1HR01K4FJg8h1kEEDAqDcZQtbrRnB41A==}
    engines: {node: '>=12'}
    cpu: [s390x]
    os: [linux]

  '@esbuild/linux-x64@0.21.5':
    resolution: {integrity: sha512-1rYdTpyv03iycF1+BhzrzQJCdOuAOtaqHTWJZCWvijKD2N5Xu0TtVC8/+1faWqcP9iBCWOmjmhoH94dH82BxPQ==}
    engines: {node: '>=12'}
    cpu: [x64]
    os: [linux]

  '@esbuild/netbsd-x64@0.21.5':
    resolution: {integrity: sha512-Woi2MXzXjMULccIwMnLciyZH4nCIMpWQAs049KEeMvOcNADVxo0UBIQPfSmxB3CWKedngg7sWZdLvLczpe0tLg==}
    engines: {node: '>=12'}
    cpu: [x64]
    os: [netbsd]

  '@esbuild/openbsd-x64@0.21.5':
    resolution: {integrity: sha512-HLNNw99xsvx12lFBUwoT8EVCsSvRNDVxNpjZ7bPn947b8gJPzeHWyNVhFsaerc0n3TsbOINvRP2byTZ5LKezow==}
    engines: {node: '>=12'}
    cpu: [x64]
    os: [openbsd]

  '@esbuild/sunos-x64@0.21.5':
    resolution: {integrity: sha512-6+gjmFpfy0BHU5Tpptkuh8+uw3mnrvgs+dSPQXQOv3ekbordwnzTVEb4qnIvQcYXq6gzkyTnoZ9dZG+D4garKg==}
    engines: {node: '>=12'}
    cpu: [x64]
    os: [sunos]

  '@esbuild/win32-arm64@0.21.5':
    resolution: {integrity: sha512-Z0gOTd75VvXqyq7nsl93zwahcTROgqvuAcYDUr+vOv8uHhNSKROyU961kgtCD1e95IqPKSQKH7tBTslnS3tA8A==}
    engines: {node: '>=12'}
    cpu: [arm64]
    os: [win32]

  '@esbuild/win32-ia32@0.21.5':
    resolution: {integrity: sha512-SWXFF1CL2RVNMaVs+BBClwtfZSvDgtL//G/smwAc5oVK/UPu2Gu9tIaRgFmYFFKrmg3SyAjSrElf0TiJ1v8fYA==}
    engines: {node: '>=12'}
    cpu: [ia32]
    os: [win32]

  '@esbuild/win32-x64@0.21.5':
    resolution: {integrity: sha512-tQd/1efJuzPC6rCFwEvLtci/xNFcTZknmXs98FYDfGE4wP9ClFV98nyKrzJKVPMhdDnjzLhdUyMX4PsQAPjwIw==}
    engines: {node: '>=12'}
    cpu: [x64]
    os: [win32]

  '@lezer/common@1.5.3':
    resolution: {integrity: sha512-H0iErY4e43LpXbYDyBci5W4v/RwTgGV3YzYOlJPiGZ8RY8w51kVE+xLn1tg3Z6UmSfyETvtsUK3r7YsgDQEI7Q==}

  '@lezer/cpp@1.1.6':
    resolution: {integrity: sha512-vh9gWWJOXFVY8HBHK3Twzq8MgwG2iN4GSyzBP9sCGTe37P15x2R14VaBQk0VA0ezTRN1KHYBBsHhvpGZ2Xy/pA==}

  '@lezer/css@1.3.9':
    resolution: {integrity: sha512-ZmzgvTOBdJWGIsY/ItAfN7UW8DV802oZG+jeG6E508SwEzz5YhuAajptpWPICvIyqYAD2+VjMdOS40GgGkyEOQ==}

  '@lezer/go@1.0.1':
    resolution: {integrity: sha512-xToRsYxwsgJNHTgNdStpcvmbVuKxTapV0dM0wey1geMMRc9aggoVyKgzYp41D2/vVOx+Ii4hmE206kvxIXBVXQ==}

  '@lezer/highlight@1.2.5':
    resolution: {integrity: sha512-O1GMVKgtf5YspFaRzpmqkVgMtIk2HG9uMAbH6wdAIdNh3TVzCsch/+cRi+6l2//UGDKe6NB9BW3cvuR5ezMQ0w==}

  '@lezer/html@1.3.13':
    resolution: {integrity: sha512-oI7n6NJml729m7pjm9lvLvmXbdoMoi2f+1pwSDJkl9d68zGr7a9Btz8NdHTGQZtW2DA25ybeuv/SyDb9D5tseg==}

  '@lezer/java@1.1.5':
    resolution: {integrity: sha512-JppTd1iKHpeNlLYw/Zl8JX7zSY5HqAzK4zZ05lpn8l8Sk7Fo5KAKiDiMiezKoT5lfeC2xZf8HeKp1tSctj4G6Q==}

  '@lezer/javascript@1.5.6':
    resolution: {integrity: sha512-sEvOqpl4vJQca0NugSQK02vQPbc5KrvoojnYGoqqFgFO0MtcYhwGiHKVEB+LuXYJnfyXo4QPA8ztbrEa4Fw5NA==}

  '@lezer/json@1.0.3':
    resolution: {integrity: sha512-BP9KzdF9Y35PDpv04r0VeSTKDeox5vVr3efE7eBbx3r4s3oNLfunchejZhjArmeieBH+nVOpgIiBJpEAv8ilqQ==}

  '@lezer/lr@1.4.11':
    resolution: {integrity: sha512-UwgZcl1R66H2hDzBrA7kWyYmX6s8p5TQ+e/t7CuvgCtBEPxbEPaHYHu+pJBvTvDotEJpuQkJjbXuHiw5Cixxgw==}

  '@lezer/markdown@1.8.0':
    resolution: {integrity: sha512-X6w3A2NpyhdtGqTWRJB8gR4QDXBaFMbTOs780ZdZ15KKCfBXOQTKcB3Vr+W6tqJHVlealt53tLmHRvOqPTQgYA==}

  '@lezer/php@1.0.6':
    resolution: {integrity: sha512-QJ2xNXPmsm/Z3IpThq8fnJrEIVpxhsIoj6GZBW0JYEd/l9zxpJZW216X4fzqQY4vgpdGIumypvI4uQjd4tnYtw==}

  '@lezer/python@1.1.19':
    resolution: {integrity: sha512-MhQIURHRytsNzP/YXnqpYKW6la6voAH3kyplTOOiCdjyFY6cWWGFVmYVdHIPrElqSDf4iCDktQCockB9FxuhzQ==}

  '@lezer/rust@1.0.3':
    resolution: {integrity: sha512-XxErOjZzQ7yJt1agUT4fu9qQvESZ3acgoxpPaPTPOiUx+duCjaVAtZGFIgphkHxlN05djdVAIOy/wItShMEjqQ==}

  '@lezer/sass@1.1.0':
    resolution: {integrity: sha512-3mMGdCTUZ/84ArHOuXWQr37pnf7f+Nw9ycPUeKX+wu19b7pSMcZGLbaXwvD2APMBDOGxPmpK/O6S1v1EvLoqgQ==}

  '@lezer/xml@1.0.6':
    resolution: {integrity: sha512-CdDwirL0OEaStFue/66ZmFSeppuL6Dwjlk8qk153mSQwiSH/Dlri4GNymrNWnUmPl2Um7QfV1FO9KFUyX3Twww==}

  '@lezer/yaml@1.0.4':
    resolution: {integrity: sha512-2lrrHqxalACEbxIbsjhqGpSW8kWpUKuY6RHgnSAFZa6qK62wvnPxA8hGOwOoDbwHcOFs5M4o27mjGu+P7TvBmw==}

  '@marijn/find-cluster-break@1.0.4':
    resolution: {integrity: sha512-Wy0V7+SGUjnF9/TkiM1hKVDPj7jKXduPNboMVtHTA8dySMURWqfg/JZ9E2Sq8JgSJmkl7k7Qe9FLeMSrSraWmQ==}

  '@playwright/test@1.63.0':
    resolution: {integrity: sha512-oxMK4vllB9RK5NQ2l1pq1IfOf2AvnEuj/vYGDj0H2nMtmtZpKtCwt/l00GEO6xjGfpBNAvjovvYdCm50dRQkpQ==}
    engines: {node: '>=20'}
    hasBin: true

  '@tauri-apps/cli-darwin-arm64@2.11.5':
    resolution: {integrity: sha512-tggOiVOohjIHdiElbjeBfB41s6cmfsq+ZQ0PX0fEtCdsDdZ9cCi54e5gNK7tdPbR6JbdDe7RA4kbQdyyBUUk/Q==}
    engines: {node: '>= 10'}
    cpu: [arm64]
    os: [darwin]

  '@tauri-apps/cli-darwin-x64@2.11.5':
    resolution: {integrity: sha512-SrO+KCbqvG1IvVPdlzQX4GEGZRQDISrmDY9bGcW68DLVFBCC06H+Loz6oyUZETUxsSMR6B4oDfvbQVgD4hxsqQ==}
    engines: {node: '>= 10'}
    cpu: [x64]
    os: [darwin]

  '@tauri-apps/cli-linux-arm-gnueabihf@2.11.5':
    resolution: {integrity: sha512-qLrOaCa8hLD5QVPQRjAgOXvhlTFKXmTliVF773GgvADYcWZSdmncnF5zBFAkdu1uQK8KfQbDlBUwqQYZqBfBRQ==}
    engines: {node: '>= 10'}
    cpu: [arm]
    os: [linux]

  '@tauri-apps/cli-linux-arm64-gnu@2.11.5':
    resolution: {integrity: sha512-Tq32xpQjiQEdIrvwDq7lwHhXemn070CXWdbCvr9rdi9rsv9NFTbQ6izVSIfNE+59QaerxuwtUtZ5IxDNWaoYBw==}
    engines: {node: '>= 10'}
    cpu: [arm64]
    os: [linux]

  '@tauri-apps/cli-linux-arm64-musl@2.11.5':
    resolution: {integrity: sha512-+OdWKj5Aq+C8HXypQ4t926V8cpVnc0ZcJIdhTXWjVAJHkaNuo8EuQR6KRZKHWIbJJgKdMPCDosvwzIFaBBqHKQ==}
    engines: {node: '>= 10'}
    cpu: [arm64]
    os: [linux]

  '@tauri-apps/cli-linux-riscv64-gnu@2.11.5':
    resolution: {integrity: sha512-Q0V2hjpllyDW8dWQZSsITuQDfcY9BpBZuhXkMa2T5AFLZAn+FJPXQSyvnxWNVxRowdQ59Xn0QVtGm6HEHNUEvw==}
    engines: {node: '>= 10'}
    cpu: [riscv64]
    os: [linux]

  '@tauri-apps/cli-linux-x64-gnu@2.11.5':
    resolution: {integrity: sha512-Xz1s87gFjZJZMQKAhLa77YeiCJM6yVog3f9OxDgVd/KxDIoB1dA5V2xOnMM+SRkOGk9juwIBqesVAjV0kUB0DA==}
    engines: {node: '>= 10'}
    cpu: [x64]
    os: [linux]

  '@tauri-apps/cli-linux-x64-musl@2.11.5':
    resolution: {integrity: sha512-6A88wqAZXZHgMaBrGiy/Bpa4GgUnftXM7uquKOeOXCuK78/XdBxEECicK/1oHgrT179XBFOaA6lQEHysjRmGig==}
    engines: {node: '>= 10'}
    cpu: [x64]
    os: [linux]

  '@tauri-apps/cli-win32-arm64-msvc@2.11.5':
    resolution: {integrity: sha512-sRGgF/ObRfLcS3PtUdyTbJtkGq3E+PNZTknvAURwMNUtHw9DU/BF6S5si43y9lS5yEO9bWJCA+GGYvnn6cphQw==}
    engines: {node: '>= 10'}
    cpu: [arm64]
    os: [win32]

  '@tauri-apps/cli-win32-ia32-msvc@2.11.5':
    resolution: {integrity: sha512-bHOv/yxqfKpI7ioIFQi5wOfZ7jkbPzJD/UhXY52I/hrmE3qNh71cohIPyqZB5GQn3LZeJWdCUOqmIg/w6XX+Wg==}
    engines: {node: '>= 10'}
    cpu: [ia32]
    os: [win32]

  '@tauri-apps/cli-win32-x64-msvc@2.11.5':
    resolution: {integrity: sha512-vaaOmavqdCeS7oMib2banBZemgrC5v54tSkwoBV+bxrXQZhQZrOwE2EO2i4x+CHNtvQUM/6bSs3iymZMAsycWg==}
    engines: {node: '>= 10'}
    cpu: [x64]
    os: [win32]

  '@tauri-apps/cli@2.11.5':
    resolution: {integrity: sha512-YbeJ6tctNoo40purO4u3Eeo3RVqmsjJr0NoKQRu+4pvO4gMLzkjta7x0k96SxSLmx+rQ+8um1ThOlw+HLpgFug==}
    engines: {node: '>= 10'}
    hasBin: true

  crelt@1.0.7:
    resolution: {integrity: sha512-aK6BbWfhf4U/wCcLHKPJl/xa6VkVstRaPywWtMKGwuOLc/wZTyQYuoxgvZnNsBvv7Kg3YTBQYYBCggcviQczuA==}

  esbuild@0.21.5:
    resolution: {integrity: sha512-mg3OPMV4hXywwpoDxu3Qda5xCKQi+vCTZq8S9J/EpkhB2HzKXq4SNFZE3+NK93JYxc8VMSep+lOUSC/RVKaBqw==}
    engines: {node: '>=12'}
    hasBin: true

  playwright-core@1.63.0:
    resolution: {integrity: sha512-rYCsBF/M5HjUch52bbtVONEFjv6Xu8sm8h72dNlR5bzIE1fvC/bxgspzkjSfU+MweEMmPM8KJebG6nnyxo5mCg==}
    engines: {node: '>=20'}
    hasBin: true

  playwright@1.63.0:
    resolution: {integrity: sha512-+7ziBLidS4NaNCdt57SUDT+wYmmd5fmiQejUic/kb+YsYSCPyOOE9sebzMjNmQrsnNpDJqd4WHvV/8lfKfUDUg==}
    engines: {node: '>=20'}
    hasBin: true

  style-mod@4.1.4:
    resolution: {integrity: sha512-XXWIQt633/EpAFx8aZDOTjBzrCaGmhvEQlQo6MVPfa2OzO2cWo+4hV9h+6UkHYlXGfy+ODXKUdP7Pthmcu5ATw==}

  typescript@5.9.3:
    resolution: {integrity: sha512-jl1vZzPDinLr9eUt3J/t7V6FgNEw9QjvBPdysz9KfQDD41fQrC2Y4vKQdiaUpFT4bXlb1RHhLpp8wtm6M5TgSw==}
    engines: {node: '>=14.17'}
    hasBin: true

  w3c-keyname@2.2.8:
    resolution: {integrity: sha512-dpojBhNsCNN7T82Tm7k26A6G9ML3NkhDsnw9n/eoxSRlVBB4CEtIQ/KTCLI2Fwf3ataSXRhYFkQi3SlnFwPvPQ==}

snapshots:

  '@codemirror/autocomplete@6.20.3':
    dependencies:
      '@codemirror/language': 6.13.1
      '@codemirror/state': 6.7.6
      '@codemirror/view': 6.43.14
      '@lezer/common': 1.5.3

  '@codemirror/commands@6.11.1':
    dependencies:
      '@codemirror/language': 6.13.1
      '@codemirror/state': 6.7.6
      '@codemirror/view': 6.43.14
      '@lezer/common': 1.5.3

  '@codemirror/lang-angular@0.1.4':
    dependencies:
      '@codemirror/lang-html': 6.4.12
      '@codemirror/lang-javascript': 6.2.5
      '@codemirror/language': 6.13.1
      '@lezer/common': 1.5.3
      '@lezer/highlight': 1.2.5
      '@lezer/lr': 1.4.11

  '@codemirror/lang-cpp@6.0.3':
    dependencies:
      '@codemirror/language': 6.13.1
      '@lezer/cpp': 1.1.6

  '@codemirror/lang-css@6.3.1':
    dependencies:
      '@codemirror/autocomplete': 6.20.3
      '@codemirror/language': 6.13.1
      '@codemirror/state': 6.7.6
      '@lezer/common': 1.5.3
      '@lezer/css': 1.3.9

  '@codemirror/lang-go@6.0.1':
    dependencies:
      '@codemirror/autocomplete': 6.20.3
      '@codemirror/language': 6.13.1
      '@codemirror/state': 6.7.6
      '@lezer/common': 1.5.3
      '@lezer/go': 1.0.1

  '@codemirror/lang-html@6.4.12':
    dependencies:
      '@codemirror/autocomplete': 6.20.3
      '@codemirror/lang-css': 6.3.1
      '@codemirror/lang-javascript': 6.2.5
      '@codemirror/language': 6.13.1
      '@codemirror/state': 6.7.6
      '@codemirror/view': 6.43.14
      '@lezer/common': 1.5.3
      '@lezer/css': 1.3.9
      '@lezer/html': 1.3.13

  '@codemirror/lang-java@6.0.2':
    dependencies:
      '@codemirror/language': 6.13.1
      '@lezer/java': 1.1.5

  '@codemirror/lang-javascript@6.2.5':
    dependencies:
      '@codemirror/autocomplete': 6.20.3
      '@codemirror/language': 6.13.1
      '@codemirror/lint': 6.9.7
      '@codemirror/state': 6.7.6
      '@codemirror/view': 6.43.14
      '@lezer/common': 1.5.3
      '@lezer/javascript': 1.5.6

  '@codemirror/lang-jinja@6.0.1':
    dependencies:
      '@codemirror/autocomplete': 6.20.3
      '@codemirror/lang-html': 6.4.12
      '@codemirror/language': 6.13.1
      '@codemirror/state': 6.7.6
      '@codemirror/view': 6.43.14
      '@lezer/common': 1.5.3
      '@lezer/highlight': 1.2.5
      '@lezer/lr': 1.4.11

  '@codemirror/lang-json@6.0.2':
    dependencies:
      '@codemirror/language': 6.13.1
      '@lezer/json': 1.0.3

  '@codemirror/lang-less@6.0.2':
    dependencies:
      '@codemirror/lang-css': 6.3.1
      '@codemirror/language': 6.13.1
      '@lezer/common': 1.5.3
      '@lezer/highlight': 1.2.5
      '@lezer/lr': 1.4.11

  '@codemirror/lang-liquid@6.3.3':
    dependencies:
      '@codemirror/autocomplete': 6.20.3
      '@codemirror/lang-html': 6.4.12
      '@codemirror/language': 6.13.1
      '@codemirror/state': 6.7.6
      '@codemirror/view': 6.43.14
      '@lezer/common': 1.5.3
      '@lezer/highlight': 1.2.5
      '@lezer/lr': 1.4.11

  '@codemirror/lang-markdown@6.5.2':
    dependencies:
      '@codemirror/autocomplete': 6.20.3
      '@codemirror/lang-html': 6.4.12
      '@codemirror/language': 6.13.1
      '@codemirror/state': 6.7.6
      '@codemirror/view': 6.43.14
      '@lezer/common': 1.5.3
      '@lezer/markdown': 1.8.0

  '@codemirror/lang-php@6.0.2':
    dependencies:
      '@codemirror/lang-html': 6.4.12
      '@codemirror/language': 6.13.1
      '@codemirror/state': 6.7.6
      '@lezer/common': 1.5.3
      '@lezer/php': 1.0.6

  '@codemirror/lang-python@6.2.1':
    dependencies:
      '@codemirror/autocomplete': 6.20.3
      '@codemirror/language': 6.13.1
      '@codemirror/state': 6.7.6
      '@lezer/common': 1.5.3
      '@lezer/python': 1.1.19

  '@codemirror/lang-rust@6.0.2':
    dependencies:
      '@codemirror/language': 6.13.1
      '@lezer/rust': 1.0.3

  '@codemirror/lang-sass@6.0.2':
    dependencies:
      '@codemirror/lang-css': 6.3.1
      '@codemirror/language': 6.13.1
      '@codemirror/state': 6.7.6
      '@lezer/common': 1.5.3
      '@lezer/sass': 1.1.0

  '@codemirror/lang-sql@6.10.0':
    dependencies:
      '@codemirror/autocomplete': 6.20.3
      '@codemirror/language': 6.13.1
      '@codemirror/state': 6.7.6
      '@lezer/common': 1.5.3
      '@lezer/highlight': 1.2.5
      '@lezer/lr': 1.4.11

  '@codemirror/lang-vue@0.1.3':
    dependencies:
      '@codemirror/lang-html': 6.4.12
      '@codemirror/lang-javascript': 6.2.5
      '@codemirror/language': 6.13.1
      '@lezer/common': 1.5.3
      '@lezer/highlight': 1.2.5
      '@lezer/lr': 1.4.11

  '@codemirror/lang-wast@6.0.2':
    dependencies:
      '@codemirror/language': 6.13.1
      '@lezer/common': 1.5.3
      '@lezer/highlight': 1.2.5
      '@lezer/lr': 1.4.11

  '@codemirror/lang-xml@6.1.0':
    dependencies:
      '@codemirror/autocomplete': 6.20.3
      '@codemirror/language': 6.13.1
      '@codemirror/state': 6.7.6
      '@codemirror/view': 6.43.14
      '@lezer/common': 1.5.3
      '@lezer/xml': 1.0.6

  '@codemirror/lang-yaml@6.1.3':
    dependencies:
      '@codemirror/autocomplete': 6.20.3
      '@codemirror/language': 6.13.1
      '@codemirror/state': 6.7.6
      '@lezer/common': 1.5.3
      '@lezer/highlight': 1.2.5
      '@lezer/lr': 1.4.11
      '@lezer/yaml': 1.0.4

  '@codemirror/language-data@6.5.2':
    dependencies:
      '@codemirror/lang-angular': 0.1.4
      '@codemirror/lang-cpp': 6.0.3
      '@codemirror/lang-css': 6.3.1
      '@codemirror/lang-go': 6.0.1
      '@codemirror/lang-html': 6.4.12
      '@codemirror/lang-java': 6.0.2
      '@codemirror/lang-javascript': 6.2.5
      '@codemirror/lang-jinja': 6.0.1
      '@codemirror/lang-json': 6.0.2
      '@codemirror/lang-less': 6.0.2
      '@codemirror/lang-liquid': 6.3.3
      '@codemirror/lang-markdown': 6.5.2
      '@codemirror/lang-php': 6.0.2
      '@codemirror/lang-python': 6.2.1
      '@codemirror/lang-rust': 6.0.2
      '@codemirror/lang-sass': 6.0.2
      '@codemirror/lang-sql': 6.10.0
      '@codemirror/lang-vue': 0.1.3
      '@codemirror/lang-wast': 6.0.2
      '@codemirror/lang-xml': 6.1.0
      '@codemirror/lang-yaml': 6.1.3
      '@codemirror/language': 6.13.1
      '@codemirror/legacy-modes': 6.5.5

  '@codemirror/language@6.13.1':
    dependencies:
      '@codemirror/state': 6.7.6
      '@codemirror/streamparser': 6.0.0
      '@codemirror/view': 6.43.14
      '@lezer/common': 1.5.3
      '@lezer/highlight': 1.2.5
      '@lezer/lr': 1.4.11
      style-mod: 4.1.4

  '@codemirror/legacy-modes@6.5.5':
    dependencies:
      '@codemirror/streamparser': 6.0.0

  '@codemirror/lint@6.9.7':
    dependencies:
      '@codemirror/state': 6.7.6
      '@codemirror/view': 6.43.14
      crelt: 1.0.7

  '@codemirror/search@6.7.2':
    dependencies:
      '@codemirror/state': 6.7.6
      '@codemirror/view': 6.43.14
      crelt: 1.0.7

  '@codemirror/state@6.7.6':
    dependencies:
      '@marijn/find-cluster-break': 1.0.4

  '@codemirror/streamparser@6.0.0': {}

  '@codemirror/view@6.43.14':
    dependencies:
      '@codemirror/state': 6.7.6
      crelt: 1.0.7
      style-mod: 4.1.4
      w3c-keyname: 2.2.8

  '@esbuild/aix-ppc64@0.21.5':
    optional: true

  '@esbuild/android-arm64@0.21.5':
    optional: true

  '@esbuild/android-arm@0.21.5':
    optional: true

  '@esbuild/android-x64@0.21.5':
    optional: true

  '@esbuild/darwin-arm64@0.21.5':
    optional: true

  '@esbuild/darwin-x64@0.21.5':
    optional: true

  '@esbuild/freebsd-arm64@0.21.5':
    optional: true

  '@esbuild/freebsd-x64@0.21.5':
    optional: true

  '@esbuild/linux-arm64@0.21.5':
    optional: true

  '@esbuild/linux-arm@0.21.5':
    optional: true

  '@esbuild/linux-ia32@0.21.5':
    optional: true

  '@esbuild/linux-loong64@0.21.5':
    optional: true

  '@esbuild/linux-mips64el@0.21.5':
    optional: true

  '@esbuild/linux-ppc64@0.21.5':
    optional: true

  '@esbuild/linux-riscv64@0.21.5':
    optional: true

  '@esbuild/linux-s390x@0.21.5':
    optional: true

  '@esbuild/linux-x64@0.21.5':
    optional: true

  '@esbuild/netbsd-x64@0.21.5':
    optional: true

  '@esbuild/openbsd-x64@0.21.5':
    optional: true

  '@esbuild/sunos-x64@0.21.5':
    optional: true

  '@esbuild/win32-arm64@0.21.5':
    optional: true

  '@esbuild/win32-ia32@0.21.5':
    optional: true

  '@esbuild/win32-x64@0.21.5':
    optional: true

  '@lezer/common@1.5.3': {}

  '@lezer/cpp@1.1.6':
    dependencies:
      '@lezer/common': 1.5.3
      '@lezer/highlight': 1.2.5
      '@lezer/lr': 1.4.11

  '@lezer/css@1.3.9':
    dependencies:
      '@lezer/common': 1.5.3
      '@lezer/highlight': 1.2.5
      '@lezer/lr': 1.4.11

  '@lezer/go@1.0.1':
    dependencies:
      '@lezer/common': 1.5.3
      '@lezer/highlight': 1.2.5
      '@lezer/lr': 1.4.11

  '@lezer/highlight@1.2.5':
    dependencies:
      '@lezer/common': 1.5.3

  '@lezer/html@1.3.13':
    dependencies:
      '@lezer/common': 1.5.3
      '@lezer/highlight': 1.2.5
      '@lezer/lr': 1.4.11

  '@lezer/java@1.1.5':
    dependencies:
      '@lezer/common': 1.5.3
      '@lezer/highlight': 1.2.5
      '@lezer/lr': 1.4.11

  '@lezer/javascript@1.5.6':
    dependencies:
      '@lezer/common': 1.5.3
      '@lezer/highlight': 1.2.5
      '@lezer/lr': 1.4.11

  '@lezer/json@1.0.3':
    dependencies:
      '@lezer/common': 1.5.3
      '@lezer/highlight': 1.2.5
      '@lezer/lr': 1.4.11

  '@lezer/lr@1.4.11':
    dependencies:
      '@lezer/common': 1.5.3

  '@lezer/markdown@1.8.0':
    dependencies:
      '@lezer/common': 1.5.3
      '@lezer/highlight': 1.2.5

  '@lezer/php@1.0.6':
    dependencies:
      '@lezer/common': 1.5.3
      '@lezer/highlight': 1.2.5
      '@lezer/lr': 1.4.11

  '@lezer/python@1.1.19':
    dependencies:
      '@lezer/common': 1.5.3
      '@lezer/highlight': 1.2.5
      '@lezer/lr': 1.4.11

  '@lezer/rust@1.0.3':
    dependencies:
      '@lezer/common': 1.5.3
      '@lezer/highlight': 1.2.5
      '@lezer/lr': 1.4.11

  '@lezer/sass@1.1.0':
    dependencies:
      '@lezer/common': 1.5.3
      '@lezer/highlight': 1.2.5
      '@lezer/lr': 1.4.11

  '@lezer/xml@1.0.6':
    dependencies:
      '@lezer/common': 1.5.3
      '@lezer/highlight': 1.2.5
      '@lezer/lr': 1.4.11

  '@lezer/yaml@1.0.4':
    dependencies:
      '@lezer/common': 1.5.3
      '@lezer/highlight': 1.2.5
      '@lezer/lr': 1.4.11

  '@marijn/find-cluster-break@1.0.4': {}

  '@playwright/test@1.63.0':
    dependencies:
      playwright: 1.63.0

  '@tauri-apps/cli-darwin-arm64@2.11.5':
    optional: true

  '@tauri-apps/cli-darwin-x64@2.11.5':
    optional: true

  '@tauri-apps/cli-linux-arm-gnueabihf@2.11.5':
    optional: true

  '@tauri-apps/cli-linux-arm64-gnu@2.11.5':
    optional: true

  '@tauri-apps/cli-linux-arm64-musl@2.11.5':
    optional: true

  '@tauri-apps/cli-linux-riscv64-gnu@2.11.5':
    optional: true

  '@tauri-apps/cli-linux-x64-gnu@2.11.5':
    optional: true

  '@tauri-apps/cli-linux-x64-musl@2.11.5':
    optional: true

  '@tauri-apps/cli-win32-arm64-msvc@2.11.5':
    optional: true

  '@tauri-apps/cli-win32-ia32-msvc@2.11.5':
    optional: true

  '@tauri-apps/cli-win32-x64-msvc@2.11.5':
    optional: true

  '@tauri-apps/cli@2.11.5':
    optionalDependencies:
      '@tauri-apps/cli-darwin-arm64': 2.11.5
      '@tauri-apps/cli-darwin-x64': 2.11.5
      '@tauri-apps/cli-linux-arm-gnueabihf': 2.11.5
      '@tauri-apps/cli-linux-arm64-gnu': 2.11.5
      '@tauri-apps/cli-linux-arm64-musl': 2.11.5
      '@tauri-apps/cli-linux-riscv64-gnu': 2.11.5
      '@tauri-apps/cli-linux-x64-gnu': 2.11.5
      '@tauri-apps/cli-linux-x64-musl': 2.11.5
      '@tauri-apps/cli-win32-arm64-msvc': 2.11.5
      '@tauri-apps/cli-win32-ia32-msvc': 2.11.5
      '@tauri-apps/cli-win32-x64-msvc': 2.11.5

  crelt@1.0.7: {}

  esbuild@0.21.5:
    optionalDependencies:
      '@esbuild/aix-ppc64': 0.21.5
      '@esbuild/android-arm': 0.21.5
      '@esbuild/android-arm64': 0.21.5
      '@esbuild/android-x64': 0.21.5
      '@esbuild/darwin-arm64': 0.21.5
      '@esbuild/darwin-x64': 0.21.5
      '@esbuild/freebsd-arm64': 0.21.5
      '@esbuild/freebsd-x64': 0.21.5
      '@esbuild/linux-arm': 0.21.5
      '@esbuild/linux-arm64': 0.21.5
      '@esbuild/linux-ia32': 0.21.5
      '@esbuild/linux-loong64': 0.21.5
      '@esbuild/linux-mips64el': 0.21.5
      '@esbuild/linux-ppc64': 0.21.5
      '@esbuild/linux-riscv64': 0.21.5
      '@esbuild/linux-s390x': 0.21.5
      '@esbuild/linux-x64': 0.21.5
      '@esbuild/netbsd-x64': 0.21.5
      '@esbuild/openbsd-x64': 0.21.5
      '@esbuild/sunos-x64': 0.21.5
      '@esbuild/win32-arm64': 0.21.5
      '@esbuild/win32-ia32': 0.21.5
      '@esbuild/win32-x64': 0.21.5

  playwright-core@1.63.0: {}

  playwright@1.63.0:
    dependencies:
      playwright-core: 1.63.0

  style-mod@4.1.4: {}

  typescript@5.9.3: {}

  w3c-keyname@2.2.8: {}
